{
    "version": 3,
    "terraform_version": "0.8.2",
    "serial": 1,
    "lineage": "ce50d092-87d8-4a62-ab00-8f1da33a7e4a",
    "modules": [
        {
            "path": [
                "root"
            ],
            "outputs": {},
            "resources": {
                "aws_instance.hello-instance": {
                    "type": "aws_instance",
                    "depends_on": [],
                    "primary": {
                        "id": "i-0f885e9a7f9689d50",
                        "attributes": {
                            "ami": "ami-5b673c34",
                            "associate_public_ip_address": "true",
                            "availability_zone": "ap-south-1a",
                            "disable_api_termination": "false",
                            "ebs_block_device.#": "0",
                            "ebs_optimized": "false",
                            "ephemeral_block_device.#": "0",
                            "iam_instance_profile": "",
                            "id": "i-0f885e9a7f9689d50",
                            "instance_state": "running",
                            "instance_type": "t2.micro",
                            "key_name": "",
                            "monitoring": "false",
                            "network_interface_id": "eni-077043592559a402a",
                            "private_dns": "ip-172-31-30-180.ap-south-1.compute.internal",
                            "private_ip": "172.31.30.180",
                            "public_dns": "ec2-52-66-204-105.ap-south-1.compute.amazonaws.com",
                            "public_ip": "52.66.204.105",
                            "root_block_device.#": "1",
                            "root_block_device.0.delete_on_termination": "true",
                            "root_block_device.0.iops": "100",
                            "root_block_device.0.volume_size": "10",
                            "root_block_device.0.volume_type": "gp2",
                            "security_groups.#": "0",
                            "source_dest_check": "true",
                            "subnet_id": "subnet-41b5e629",
                            "tags.%": "1",
                            "tags.Name": "hello-update-instance",
                            "tenancy": "default",
                            "vpc_security_group_ids.#": "1",
                            "vpc_security_group_ids.2514907328": "sg-72c85c1e"
                        },
                        "meta": {
                            "schema_version": "1"
                        },
                        "tainted": false
                    },
                    "deposed": [],
                    "provider": ""
                }
            },
            "depends_on": []
        }
    ]
}
